
Microsoft Visual Studio Solution File, Format Version 12.00
# Visual Studio Version 16
VisualStudioVersion = 16.0.31729.503
MinimumVisualStudioVersion = 10.0.40219.1
Project("{FAE04EC0-301F-11D3-BF4B-00C04F79EFBC}") = "ConsoleApp4", "ConsoleApp4\ConsoleApp4.csproj", "{4F9EA28C-74EC-4E73-8FB4-19902BE056BA}"
EndProject
Global
	GlobalSection(SolutionConfigurationPlatforms) = preSolution
		Debug|Any CPU = Debug|Any CPU
		Release|Any CPU = Release|Any CPU
	EndGlobalSection
	GlobalSection(ProjectConfigurationPlatforms) = postSolution
		{4F9EA28C-74EC-4E73-8FB4-19902BE056BA}.Debug|Any CPU.ActiveCfg = Debug|Any CPU
		{4F9EA28C-74EC-4E73-8FB4-19902BE056BA}.Debug|Any CPU.Build.0 = Debug|Any CPU
		{4F9EA28C-74EC-4E73-8FB4-19902BE056BA}.Release|Any CPU.ActiveCfg = Release|Any CPU
		{4F9EA28C-74EC-4E73-8FB4-19902BE056BA}.Release|Any CPU.Build.0 = Release|Any CPU
	EndGlobalSection
	GlobalSection(SolutionProperties) = preSolution
		HideSolutionNode = FALSE
	EndGlobalSection
	GlobalSection(ExtensibilityGlobals) = postSolution
		SolutionGuid = {A746A788-7B87-482A-8422-4A62ED0AD2F3}
	EndGlobalSection
EndGlobal
